
Microsoft Visual Studio Solution File, Format Version 12.00
# Visual Studio Version 17
VisualStudioVersion = 17.0.32014.148
MinimumVisualStudioVersion = 10.0.40219.1
Project("{FAE04EC0-301F-11D3-BF4B-00C04F79EFBC}") = "NUnitTest", "NUnitTest\NUnitTest.csproj", "{45C4B350-9F4F-49D4-9F56-1A10AA7CB00B}"
EndProject
Project("{FAE04EC0-301F-11D3-BF4B-00C04F79EFBC}") = "NUnitTestTests", "NUnitTestTests\NUnitTestTests.csproj", "{555BCE80-F419-4E81-AA92-969ACE70EAEF}"
EndProject
Global
	GlobalSection(SolutionConfigurationPlatforms) = preSolution
		Debug|Any CPU = Debug|Any CPU
		Release|Any CPU = Release|Any CPU
	EndGlobalSection
	GlobalSection(ProjectConfigurationPlatforms) = postSolution
		{45C4B350-9F4F-49D4-9F56-1A10AA7CB00B}.Debug|Any CPU.ActiveCfg = Debug|Any CPU
		{45C4B350-9F4F-49D4-9F56-1A10AA7CB00B}.Debug|Any CPU.Build.0 = Debug|Any CPU
		{45C4B350-9F4F-49D4-9F56-1A10AA7CB00B}.Release|Any CPU.ActiveCfg = Release|Any CPU
		{45C4B350-9F4F-49D4-9F56-1A10AA7CB00B}.Release|Any CPU.Build.0 = Release|Any CPU
		{555BCE80-F419-4E81-AA92-969ACE70EAEF}.Debug|Any CPU.ActiveCfg = Debug|Any CPU
		{555BCE80-F419-4E81-AA92-969ACE70EAEF}.Debug|Any CPU.Build.0 = Debug|Any CPU
		{555BCE80-F419-4E81-AA92-969ACE70EAEF}.Release|Any CPU.ActiveCfg = Release|Any CPU
		{555BCE80-F419-4E81-AA92-969ACE70EAEF}.Release|Any CPU.Build.0 = Release|Any CPU
	EndGlobalSection
	GlobalSection(SolutionProperties) = preSolution
		HideSolutionNode = FALSE
	EndGlobalSection
	GlobalSection(ExtensibilityGlobals) = postSolution
		SolutionGuid = {A4FB0498-8253-421F-A6B4-8B15BA0A3AD1}
	EndGlobalSection
EndGlobal
